
Microsoft Visual Studio Solution File, Format Version 12.00
# Visual Studio Version 17
VisualStudioVersion = 17.8.34330.188
MinimumVisualStudioVersion = 10.0.40219.1
Project("{FAE04EC0-301F-11D3-BF4B-00C04F79EFBC}") = "WebApplication5", "WebApplication5\WebApplication5.csproj", "{2277CB44-7821-451B-B5E6-BBF6FF16BE57}"
EndProject
Global
	GlobalSection(SolutionConfigurationPlatforms) = preSolution
		Debug|Any CPU = Debug|Any CPU
		Release|Any CPU = Release|Any CPU
	EndGlobalSection
	GlobalSection(ProjectConfigurationPlatforms) = postSolution
		{2277CB44-7821-451B-B5E6-BBF6FF16BE57}.Debug|Any CPU.ActiveCfg = Debug|Any CPU
		{2277CB44-7821-451B-B5E6-BBF6FF16BE57}.Debug|Any CPU.Build.0 = Debug|Any CPU
		{2277CB44-7821-451B-B5E6-BBF6FF16BE57}.Release|Any CPU.ActiveCfg = Release|Any CPU
		{2277CB44-7821-451B-B5E6-BBF6FF16BE57}.Release|Any CPU.Build.0 = Release|Any CPU
	EndGlobalSection
	GlobalSection(SolutionProperties) = preSolution
		HideSolutionNode = FALSE
	EndGlobalSection
	GlobalSection(ExtensibilityGlobals) = postSolution
		SolutionGuid = {900B2427-8920-470E-9DDB-9225AF5195BC}
	EndGlobalSection
EndGlobal
